// !$*UTF8*$!
{
	archiveVersion = 1;
	classes = {
	};
	objectVersion = 46;
	objects = {

/* Begin PBXBuildFile section */
		935DDBEE1B68B7CF0084D5B6 /* main.m in Sources */ = {isa = PBXBuildFile; fileRef = 935DDBED1B68B7CF0084D5B6 /* main.m */; };
		935DDBF11B68B7CF0084D5B6 /* AppDelegate.m in Sources */ = {isa = PBXBuildFile; fileRef = 935DDBF01B68B7CF0084D5B6 /* AppDelegate.m */; };
		935DDBF41B68B7CF0084D5B6 /* ViewController.m in Sources */ = {isa = PBXBuildFile; fileRef = 935DDBF31B68B7CF0084D5B6 /* ViewController.m */; };
		935DDBF71B68B7CF0084D5B6 /* Main.storyboard in Resources */ = {isa = PBXBuildFile; fileRef = 935DDBF51B68B7CF0084D5B6 /* Main.storyboard */; };
		935DDBF91B68B7CF0084D5B6 /* Images.xcassets in Resources */ = {isa = PBXBuildFile; fileRef = 935DDBF81B68B7CF0084D5B6 /* Images.xcassets */; };
		935DDBFC1B68B7CF0084D5B6 /* LaunchScreen.xib in Resources */ = {isa = PBXBuildFile; fileRef = 935DDBFA1B68B7CF0084D5B6 /* LaunchScreen.xib */; };
		935DDC081B68B7CF0084D5B6 /* WeChartDemoTests.m in Sources */ = {isa = PBXBuildFile; fileRef = 935DDC071B68B7CF0084D5B6 /* WeChartDemoTests.m */; };
		935DDC1C1B68BAC10084D5B6 /* ApiXml.mm in Sources */ = {isa = PBXBuildFile; fileRef = 935DDC131B68BAC10084D5B6 /* ApiXml.mm */; };
		935DDC1D1B68BAC10084D5B6 /* payRequsestHandler.mm in Sources */ = {isa = PBXBuildFile; fileRef = 935DDC151B68BAC10084D5B6 /* payRequsestHandler.mm */; };
		935DDC1E1B68BAC10084D5B6 /* WXUtil.mm in Sources */ = {isa = PBXBuildFile; fileRef = 935DDC171B68BAC10084D5B6 /* WXUtil.mm */; };
		935DDC1F1B68BAC10084D5B6 /* libWeChatSDK.a in Frameworks */ = {isa = PBXBuildFile; fileRef = 935DDC191B68BAC10084D5B6 /* libWeChatSDK.a */; };
		935DDC2B1B68BEA60084D5B6 /* UIKit.framework in Frameworks */ = {isa = PBXBuildFile; fileRef = 935DDC2A1B68BEA60084D5B6 /* UIKit.framework */; };
		935DDC2D1B68BEB40084D5B6 /* QuartzCore.framework in Frameworks */ = {isa = PBXBuildFile; fileRef = 935DDC2C1B68BEB40084D5B6 /* QuartzCore.framework */; };
		935DDC2F1B68BF100084D5B6 /* libsqlite3.dylib in Frameworks */ = {isa = PBXBuildFile; fileRef = 935DDC2E1B68BF100084D5B6 /* libsqlite3.dylib */; };
		935DDC371B68C0DE0084D5B6 /* libz.dylib in Frameworks */ = {isa = PBXBuildFile; fileRef = 935DDC361B68C0DE0084D5B6 /* libz.dylib */; };
		935DDC391B68C1000084D5B6 /* SystemConfiguration.framework in Frameworks */ = {isa = PBXBuildFile; fileRef = 935DDC381B68C1000084D5B6 /* SystemConfiguration.framework */; };
		935DDC3B1B68C10B0084D5B6 /* Foundation.framework in Frameworks */ = {isa = PBXBuildFile; fileRef = 935DDC3A1B68C10B0084D5B6 /* Foundation.framework */; };
		935DDC3D1B68C1190084D5B6 /* CoreGraphics.framework in Frameworks */ = {isa = PBXBuildFile; fileRef = 935DDC3C1B68C1190084D5B6 /* CoreGraphics.framework */; };
/* End PBXBuildFile section */

/* Begin PBXContainerItemProxy section */
		935DDC021B68B7CF0084D5B6 /* PBXContainerItemProxy */ = {
			isa = PBXContainerItemProxy;
			containerPortal = 935DDBE01B68B7CF0084D5B6 /* Project object */;
			proxyType = 1;
			remoteGlobalIDString = 935DDBE71B68B7CF0084D5B6;
			remoteInfo = WeChartDemo;
		};
/* End PBXContainerItemProxy section */

/* Begin PBXFileReference section */
		935DDBE81B68B7CF0084D5B6 /* WeChartDemo.app */ = {isa = PBXFileReference; explicitFileType = wrapper.application; includeInIndex = 0; path = WeChartDemo.app; sourceTree = BUILT_PRODUCTS_DIR; };
		935DDBEC1B68B7CF0084D5B6 /* Info.plist */ = {isa = PBXFileReference; lastKnownFileType = text.plist.xml; path = Info.plist; sourceTree = "<group>"; };
		935DDBED1B68B7CF0084D5B6 /* main.m */ = {isa = PBXFileReference; lastKnownFileType = sourcecode.c.objc; path = main.m; sourceTree = "<group>"; };
		935DDBEF1B68B7CF0084D5B6 /* AppDelegate.h */ = {isa = PBXFileReference; lastKnownFileType = sourcecode.c.h; path = AppDelegate.h; sourceTree = "<group>"; };
		935DDBF01B68B7CF0084D5B6 /* AppDelegate.m */ = {isa = PBXFileReference; lastKnownFileType = sourcecode.c.objc; path = AppDelegate.m; sourceTree = "<group>"; };
		935DDBF21B68B7CF0084D5B6 /* ViewController.h */ = {isa = PBXFileReference; lastKnownFileType = sourcecode.c.h; path = ViewController.h; sourceTree = "<group>"; };
		935DDBF31B68B7CF0084D5B6 /* ViewController.m */ = {isa = PBXFileReference; lastKnownFileType = sourcecode.c.objc; path = ViewController.m; sourceTree = "<group>"; };
		935DDBF61B68B7CF0084D5B6 /* Base */ = {isa = PBXFileReference; lastKnownFileType = file.storyboard; name = Base; path = Base.lproj/Main.storyboard; sourceTree = "<group>"; };
		935DDBF81B68B7CF0084D5B6 /* Images.xcassets */ = {isa = PBXFileReference; lastKnownFileType = folder.assetcatalog; path = Images.xcassets; sourceTree = "<group>"; };
		935DDBFB1B68B7CF0084D5B6 /* Base */ = {isa = PBXFileReference; lastKnownFileType = file.xib; name = Base; path = Base.lproj/LaunchScreen.xib; sourceTree = "<group>"; };
		935DDC011B68B7CF0084D5B6 /* WeChartDemoTests.xctest */ = {isa = PBXFileReference; explicitFileType = wrapper.cfbundle; includeInIndex = 0; path = WeChartDemoTests.xctest; sourceTree = BUILT_PRODUCTS_DIR; };
		935DDC061B68B7CF0084D5B6 /* Info.plist */ = {isa = PBXFileReference; lastKnownFileType = text.plist.xml; path = Info.plist; sourceTree = "<group>"; };
		935DDC071B68B7CF0084D5B6 /* WeChartDemoTests.m */ = {isa = PBXFileReference; lastKnownFileType = sourcecode.c.objc; path = WeChartDemoTests.m; sourceTree = "<group>"; };
		935DDC121B68BAC10084D5B6 /* ApiXml.h */ = {isa = PBXFileReference; fileEncoding = 4; lastKnownFileType = sourcecode.c.h; path = ApiXml.h; sourceTree = "<group>"; };
		935DDC131B68BAC10084D5B6 /* ApiXml.mm */ = {isa = PBXFileReference; fileEncoding = 4; lastKnownFileType = sourcecode.cpp.objcpp; path = ApiXml.mm; sourceTree = "<group>"; };
		935DDC141B68BAC10084D5B6 /* payRequsestHandler.h */ = {isa = PBXFileReference; fileEncoding = 4; lastKnownFileType = sourcecode.c.h; path = payRequsestHandler.h; sourceTree = "<group>"; };
		935DDC151B68BAC10084D5B6 /* payRequsestHandler.mm */ = {isa = PBXFileReference; fileEncoding = 4; lastKnownFileType = sourcecode.cpp.objcpp; path = payRequsestHandler.mm; sourceTree = "<group>"; };
		935DDC161B68BAC10084D5B6 /* WXUtil.h */ = {isa = PBXFileReference; fileEncoding = 4; lastKnownFileType = sourcecode.c.h; path = WXUtil.h; sourceTree = "<group>"; };
		935DDC171B68BAC10084D5B6 /* WXUtil.mm */ = {isa = PBXFileReference; fileEncoding = 4; lastKnownFileType = sourcecode.cpp.objcpp; path = WXUtil.mm; sourceTree = "<group>"; };
		935DDC191B68BAC10084D5B6 /* libWeChatSDK.a */ = {isa = PBXFileReference; lastKnownFileType = archive.ar; path = libWeChatSDK.a; sourceTree = "<group>"; };
		935DDC1A1B68BAC10084D5B6 /* WXApi.h */ = {isa = PBXFileReference; fileEncoding = 4; lastKnownFileType = sourcecode.c.h; path = WXApi.h; sourceTree = "<group>"; };
		935DDC1B1B68BAC10084D5B6 /* WXApiObject.h */ = {isa = PBXFileReference; fileEncoding = 4; lastKnownFileType = sourcecode.c.h; path = WXApiObject.h; sourceTree = "<group>"; };
		935DDC201B68BE610084D5B6 /* MessageUI.framework */ = {isa = PBXFileReference; lastKnownFileType = wrapper.framework; name = MessageUI.framework; path = System/Library/Frameworks/MessageUI.framework; sourceTree = SDKROOT; };
		935DDC221B68BE730084D5B6 /* Social.framework */ = {isa = PBXFileReference; lastKnownFileType = wrapper.framework; name = Social.framework; path = System/Library/Frameworks/Social.framework; sourceTree = SDKROOT; };
		935DDC241B68BE7D0084D5B6 /* Accounts.framework */ = {isa = PBXFileReference; lastKnownFileType = wrapper.framework; name = Accounts.framework; path = System/Library/Frameworks/Accounts.framework; sourceTree = SDKROOT; };
		935DDC261B68BE860084D5B6 /* Security.framework */ = {isa = PBXFileReference; lastKnownFileType = wrapper.framework; name = Security.framework; path = System/Library/Frameworks/Security.framework; sourceTree = SDKROOT; };
		935DDC281B68BE950084D5B6 /* CoreText.framework */ = {isa = PBXFileReference; lastKnownFileType = wrapper.framework; name = CoreText.framework; path = System/Library/Frameworks/CoreText.framework; sourceTree = SDKROOT; };
		935DDC2A1B68BEA60084D5B6 /* UIKit.framework */ = {isa = PBXFileReference; lastKnownFileType = wrapper.framework; name = UIKit.framework; path = System/Library/Frameworks/UIKit.framework; sourceTree = SDKROOT; };
		935DDC2C1B68BEB40084D5B6 /* QuartzCore.framework */ = {isa = PBXFileReference; lastKnownFileType = wrapper.framework; name = QuartzCore.framework; path = System/Library/Frameworks/QuartzCore.framework; sourceTree = SDKROOT; };
		935DDC2E1B68BF100084D5B6 /* libsqlite3.dylib */ = {isa = PBXFileReference; lastKnownFileType = "compiled.mach-o.dylib"; name = libsqlite3.dylib; path = usr/lib/libsqlite3.dylib; sourceTree = SDKROOT; };
		935DDC301B68BF230084D5B6 /* libstdc++.dylib */ = {isa = PBXFileReference; lastKnownFileType = "compiled.mach-o.dylib"; name = "libstdc++.dylib"; path = "usr/lib/libstdc++.dylib"; sourceTree = SDKROOT; };
		935DDC321B68BFCA0084D5B6 /* libz.1.2.5.dylib */ = {isa = PBXFileReference; lastKnownFileType = "compiled.mach-o.dylib"; name = libz.1.2.5.dylib; path = usr/lib/libz.1.2.5.dylib; sourceTree = SDKROOT; };
		935DDC341B68BFEB0084D5B6 /* libicucore.dylib */ = {isa = PBXFileReference; lastKnownFileType = "compiled.mach-o.dylib"; name = libicucore.dylib; path = usr/lib/libicucore.dylib; sourceTree = SDKROOT; };
		935DDC361B68C0DE0084D5B6 /* libz.dylib */ = {isa = PBXFileReference; lastKnownFileType = "compiled.mach-o.dylib"; name = libz.dylib; path = usr/lib/libz.dylib; sourceTree = SDKROOT; };
		935DDC381B68C1000084D5B6 /* SystemConfiguration.framework */ = {isa = PBXFileReference; lastKnownFileType = wrapper.framework; name = SystemConfiguration.framework; path = System/Library/Frameworks/SystemConfiguration.framework; sourceTree = SDKROOT; };
		935DDC3A1B68C10B0084D5B6 /* Foundation.framework */ = {isa = PBXFileReference; lastKnownFileType = wrapper.framework; name = Foundation.framework; path = System/Library/Frameworks/Foundation.framework; sourceTree = SDKROOT; };
		935DDC3C1B68C1190084D5B6 /* CoreGraphics.framework */ = {isa = PBXFileReference; lastKnownFileType = wrapper.framework; name = CoreGraphics.framework; path = System/Library/Frameworks/CoreGraphics.framework; sourceTree = SDKROOT; };
/* End PBXFileReference section */

/* Begin PBXFrameworksBuildPhase section */
		935DDBE51B68B7CF0084D5B6 /* Frameworks */ = {
			isa = PBXFrameworksBuildPhase;
			buildActionMask = 2147483647;
			files = (
				935DDC3D1B68C1190084D5B6 /* CoreGraphics.framework in Frameworks */,
				935DDC3B1B68C10B0084D5B6 /* Foundation.framework in Frameworks */,
				935DDC391B68C1000084D5B6 /* SystemConfiguration.framework in Frameworks */,
				935DDC371B68C0DE0084D5B6 /* libz.dylib in Frameworks */,
				935DDC2F1B68BF100084D5B6 /* libsqlite3.dylib in Frameworks */,
				935DDC2D1B68BEB40084D5B6 /* QuartzCore.framework in Frameworks */,
				935DDC2B1B68BEA60084D5B6 /* UIKit.framework in Frameworks */,
				935DDC1F1B68BAC10084D5B6 /* libWeChatSDK.a in Frameworks */,
			);
			runOnlyForDeploymentPostprocessing = 0;
		};
		935DDBFE1B68B7CF0084D5B6 /* Frameworks */ = {
			isa = PBXFrameworksBuildPhase;
			buildActionMask = 2147483647;
			files = (
			);
			runOnlyForDeploymentPostprocessing = 0;
		};
/* End PBXFrameworksBuildPhase section */

/* Begin PBXGroup section */
		935DDBDF1B68B7CF0084D5B6 = {
			isa = PBXGroup;
			children = (
				935DDBEA1B68B7CF0084D5B6 /* WeChartDemo */,
				935DDC041B68B7CF0084D5B6 /* WeChartDemoTests */,
				935DDBE91B68B7CF0084D5B6 /* Products */,
			);
			sourceTree = "<group>";
		};
		935DDBE91B68B7CF0084D5B6 /* Products */ = {
			isa = PBXGroup;
			children = (
				935DDBE81B68B7CF0084D5B6 /* WeChartDemo.app */,
				935DDC011B68B7CF0084D5B6 /* WeChartDemoTests.xctest */,
			);
			name = Products;
			sourceTree = "<group>";
		};
		935DDBEA1B68B7CF0084D5B6 /* WeChartDemo */ = {
			isa = PBXGroup;
			children = (
				935DDC3E1B68C1710084D5B6 /* framework */,
				935DDC111B68BAC10084D5B6 /* libWeiXin */,
				935DDC181B68BAC10084D5B6 /* SDKExport */,
				935DDBEF1B68B7CF0084D5B6 /* AppDelegate.h */,
				935DDBF01B68B7CF0084D5B6 /* AppDelegate.m */,
				935DDBF21B68B7CF0084D5B6 /* ViewController.h */,
				935DDBF31B68B7CF0084D5B6 /* ViewController.m */,
				935DDBF51B68B7CF0084D5B6 /* Main.storyboard */,
				935DDBF81B68B7CF0084D5B6 /* Images.xcassets */,
				935DDBFA1B68B7CF0084D5B6 /* LaunchScreen.xib */,
				935DDBEB1B68B7CF0084D5B6 /* Supporting Files */,
			);
			path = WeChartDemo;
			sourceTree = "<group>";
		};
		935DDBEB1B68B7CF0084D5B6 /* Supporting Files */ = {
			isa = PBXGroup;
			children = (
				935DDBEC1B68B7CF0084D5B6 /* Info.plist */,
				935DDBED1B68B7CF0084D5B6 /* main.m */,
			);
			name = "Supporting Files";
			sourceTree = "<group>";
		};
		935DDC041B68B7CF0084D5B6 /* WeChartDemoTests */ = {
			isa = PBXGroup;
			children = (
				935DDC071B68B7CF0084D5B6 /* WeChartDemoTests.m */,
				935DDC051B68B7CF0084D5B6 /* Supporting Files */,
			);
			path = WeChartDemoTests;
			sourceTree = "<group>";
		};
		935DDC051B68B7CF0084D5B6 /* Supporting Files */ = {
			isa = PBXGroup;
			children = (
				935DDC061B68B7CF0084D5B6 /* Info.plist */,
			);
			name = "Supporting Files";
			sourceTree = "<group>";
		};
		935DDC111B68BAC10084D5B6 /* libWeiXin */ = {
			isa = PBXGroup;
			children = (
				935DDC121B68BAC10084D5B6 /* ApiXml.h */,
				935DDC131B68BAC10084D5B6 /* ApiXml.mm */,
				935DDC141B68BAC10084D5B6 /* payRequsestHandler.h */,
				935DDC151B68BAC10084D5B6 /* payRequsestHandler.mm */,
				935DDC161B68BAC10084D5B6 /* WXUtil.h */,
				935DDC171B68BAC10084D5B6 /* WXUtil.mm */,
			);
			path = libWeiXin;
			sourceTree = "<group>";
		};
		935DDC181B68BAC10084D5B6 /* SDKExport */ = {
			isa = PBXGroup;
			children = (
				935DDC191B68BAC10084D5B6 /* libWeChatSDK.a */,
				935DDC1A1B68BAC10084D5B6 /* WXApi.h */,
				935DDC1B1B68BAC10084D5B6 /* WXApiObject.h */,
			);
			path = SDKExport;
			sourceTree = "<group>";
		};
		935DDC3E1B68C1710084D5B6 /* framework */ = {
			isa = PBXGroup;
			children = (
				935DDC3C1B68C1190084D5B6 /* CoreGraphics.framework */,
				935DDC3A1B68C10B0084D5B6 /* Foundation.framework */,
				935DDC381B68C1000084D5B6 /* SystemConfiguration.framework */,
				935DDC361B68C0DE0084D5B6 /* libz.dylib */,
				935DDC341B68BFEB0084D5B6 /* libicucore.dylib */,
				935DDC321B68BFCA0084D5B6 /* libz.1.2.5.dylib */,
				935DDC301B68BF230084D5B6 /* libstdc++.dylib */,
				935DDC2E1B68BF100084D5B6 /* libsqlite3.dylib */,
				935DDC2C1B68BEB40084D5B6 /* QuartzCore.framework */,
				935DDC2A1B68BEA60084D5B6 /* UIKit.framework */,
				935DDC281B68BE950084D5B6 /* CoreText.framework */,
				935DDC261B68BE860084D5B6 /* Security.framework */,
				935DDC241B68BE7D0084D5B6 /* Accounts.framework */,
				935DDC221B68BE730084D5B6 /* Social.framework */,
				935DDC201B68BE610084D5B6 /* MessageUI.framework */,
			);
			name = framework;
			sourceTree = "<group>";
		};
/* End PBXGroup section */

/* Begin PBXNativeTarget section */
		935DDBE71B68B7CF0084D5B6 /* WeChartDemo */ = {
			isa = PBXNativeTarget;
			buildConfigurationList = 935DDC0B1B68B7CF0084D5B6 /* Build configuration list for PBXNativeTarget "WeChartDemo" */;
			buildPhases = (
				935DDBE41B68B7CF0084D5B6 /* Sources */,
				935DDBE51B68B7CF0084D5B6 /* Frameworks */,
				935DDBE61B68B7CF0084D5B6 /* Resources */,
			);
			buildRules = (
			);
			dependencies = (
			);
			name = WeChartDemo;
			productName = WeChartDemo;
			productReference = 935DDBE81B68B7CF0084D5B6 /* WeChartDemo.app */;
			productType = "com.apple.product-type.application";
		};
		935DDC001B68B7CF0084D5B6 /* WeChartDemoTests */ = {
			isa = PBXNativeTarget;
			buildConfigurationList = 935DDC0E1B68B7CF0084D5B6 /* Build configuration list for PBXNativeTarget "WeChartDemoTests" */;
			buildPhases = (
				935DDBFD1B68B7CF0084D5B6 /* Sources */,
				935DDBFE1B68B7CF0084D5B6 /* Frameworks */,
				935DDBFF1B68B7CF0084D5B6 /* Resources */,
			);
			buildRules = (
			);
			dependencies = (
				935DDC031B68B7CF0084D5B6 /* PBXTargetDependency */,
			);
			name = WeChartDemoTests;
			productName = WeChartDemoTests;
			productReference = 935DDC011B68B7CF0084D5B6 /* WeChartDemoTests.xctest */;
			productType = "com.apple.product-type.bundle.unit-test";
		};
/* End PBXNativeTarget section */

/* Begin PBXProject section */
		935DDBE01B68B7CF0084D5B6 /* Project object */ = {
			isa = PBXProject;
			attributes = {
				LastUpgradeCheck = 0630;
				ORGANIZATIONNAME = lakala;
				TargetAttributes = {
					935DDBE71B68B7CF0084D5B6 = {
						CreatedOnToolsVersion = 6.3;
					};
					935DDC001B68B7CF0084D5B6 = {
						CreatedOnToolsVersion = 6.3;
						TestTargetID = 935DDBE71B68B7CF0084D5B6;
					};
				};
			};
			buildConfigurationList = 935DDBE31B68B7CF0084D5B6 /* Build configuration list for PBXProject "WeChartDemo" */;
			compatibilityVersion = "Xcode 3.2";
			developmentRegion = English;
			hasScannedForEncodings = 0;
			knownRegions = (
				en,
				Base,
			);
			mainGroup = 935DDBDF1B68B7CF0084D5B6;
			productRefGroup = 935DDBE91B68B7CF0084D5B6 /* Products */;
			projectDirPath = "";
			projectRoot = "";
			targets = (
				935DDBE71B68B7CF0084D5B6 /* WeChartDemo */,
				935DDC001B68B7CF0084D5B6 /* WeChartDemoTests */,
			);
		};
/* End PBXProject section */

/* Begin PBXResourcesBuildPhase section */
		935DDBE61B68B7CF0084D5B6 /* Resources */ = {
			isa = PBXResourcesBuildPhase;
			buildActionMask = 2147483647;
			files = (
				935DDBF71B68B7CF0084D5B6 /* Main.storyboard in Resources */,
				935DDBFC1B68B7CF0084D5B6 /* LaunchScreen.xib in Resources */,
				935DDBF91B68B7CF0084D5B6 /* Images.xcassets in Resources */,
			);
			runOnlyForDeploymentPostprocessing = 0;
		};
		935DDBFF1B68B7CF0084D5B6 /* Resources */ = {
			isa = PBXResourcesBuildPhase;
			buildActionMask = 2147483647;
			files = (
			);
			runOnlyForDeploymentPostprocessing = 0;
		};
/* End PBXResourcesBuildPhase section */

/* Begin PBXSourcesBuildPhase section */
		935DDBE41B68B7CF0084D5B6 /* Sources */ = {
			isa = PBXSourcesBuildPhase;
			buildActionMask = 2147483647;
			files = (
				935DDC1E1B68BAC10084D5B6 /* WXUtil.mm in Sources */,
				935DDC1C1B68BAC10084D5B6 /* ApiXml.mm in Sources */,
				935DDBF41B68B7CF0084D5B6 /* ViewController.m in Sources */,
				935DDBF11B68B7CF0084D5B6 /* AppDelegate.m in Sources */,
				935DDBEE1B68B7CF0084D5B6 /* main.m in Sources */,
				935DDC1D1B68BAC10084D5B6 /* payRequsestHandler.mm in Sources */,
			);
			runOnlyForDeploymentPostprocessing = 0;
		};
		935DDBFD1B68B7CF0084D5B6 /* Sources */ = {
			isa = PBXSourcesBuildPhase;
			buildActionMask = 2147483647;
			files = (
				935DDC081B68B7CF0084D5B6 /* WeChartDemoTests.m in Sources */,
			);
			runOnlyForDeploymentPostprocessing = 0;
		};
/* End PBXSourcesBuildPhase section */

/* Begin PBXTargetDependency section */
		935DDC031B68B7CF0084D5B6 /* PBXTargetDependency */ = {
			isa = PBXTargetDependency;
			target = 935DDBE71B68B7CF0084D5B6 /* WeChartDemo */;
			targetProxy = 935DDC021B68B7CF0084D5B6 /* PBXContainerItemProxy */;
		};
/* End PBXTargetDependency section */

/* Begin PBXVariantGroup section */
		935DDBF51B68B7CF0084D5B6 /* Main.storyboard */ = {
			isa = PBXVariantGroup;
			children = (
				935DDBF61B68B7CF0084D5B6 /* Base */,
			);
			name = Main.storyboard;
			sourceTree = "<group>";
		};
		935DDBFA1B68B7CF0084D5B6 /* LaunchScreen.xib */ = {
			isa = PBXVariantGroup;
			children = (
				935DDBFB1B68B7CF0084D5B6 /* Base */,
			);
			name = LaunchScreen.xib;
			sourceTree = "<group>";
		};
/* End PBXVariantGroup section */

/* Begin XCBuildConfiguration section */
		935DDC091B68B7CF0084D5B6 /* Debug */ = {
			isa = XCBuildConfiguration;
			buildSettings = {
				ALWAYS_SEARCH_USER_PATHS = NO;
				CLANG_CXX_LANGUAGE_STANDARD = "gnu++0x";
				CLANG_CXX_LIBRARY = "libc++";
				CLANG_ENABLE_MODULES = YES;
				CLANG_ENABLE_OBJC_ARC = YES;
				CLANG_WARN_BOOL_CONVERSION = YES;
				CLANG_WARN_CONSTANT_CONVERSION = YES;
				CLANG_WARN_DIRECT_OBJC_ISA_USAGE = YES_ERROR;
				CLANG_WARN_EMPTY_BODY = YES;
				CLANG_WARN_ENUM_CONVERSION = YES;
				CLANG_WARN_INT_CONVERSION = YES;
				CLANG_WARN_OBJC_ROOT_CLASS = YES_ERROR;
				CLANG_WARN_UNREACHABLE_CODE = YES;
				CLANG_WARN__DUPLICATE_METHOD_MATCH = YES;
				CODE_SIGN_IDENTITY = "iPhone Developer";
				"CODE_SIGN_IDENTITY[sdk=iphoneos*]" = "iPhone Developer";
				COPY_PHASE_STRIP = NO;
				DEBUG_INFORMATION_FORMAT = "dwarf-with-dsym";
				ENABLE_STRICT_OBJC_MSGSEND = YES;
				GCC_C_LANGUAGE_STANDARD = gnu99;
				GCC_DYNAMIC_NO_PIC = NO;
				GCC_NO_COMMON_BLOCKS = YES;
				GCC_OPTIMIZATION_LEVEL = 0;
				GCC_PREPROCESSOR_DEFINITIONS = (
					"DEBUG=1",
					"$(inherited)",
				);
				GCC_SYMBOLS_PRIVATE_EXTERN = NO;
				GCC_WARN_64_TO_32_BIT_CONVERSION = YES;
				GCC_WARN_ABOUT_RETURN_TYPE = YES_ERROR;
				GCC_WARN_UNDECLARED_SELECTOR = YES;
				GCC_WARN_UNINITIALIZED_AUTOS = YES_AGGRESSIVE;
				GCC_WARN_UNUSED_FUNCTION = YES;
				GCC_WARN_UNUSED_VARIABLE = YES;
				IPHONEOS_DEPLOYMENT_TARGET = 8.3;
				MTL_ENABLE_DEBUG_INFO = YES;
				ONLY_ACTIVE_ARCH = YES;
				PROVISIONING_PROFILE = "0def6b8c-2616-46f8-b506-79b1d1963abe";
				SDKROOT = iphoneos;
				TARGETED_DEVICE_FAMILY = "1,2";
			};
			name = Debug;
		};
		935DDC0A1B68B7CF0084D5B6 /* Release */ = {
			isa = XCBuildConfiguration;
			buildSettings = {
				ALWAYS_SEARCH_USER_PATHS = NO;
				CLANG_CXX_LANGUAGE_STANDARD = "gnu++0x";
				CLANG_CXX_LIBRARY = "libc++";
				CLANG_ENABLE_MODULES = YES;
				CLANG_ENABLE_OBJC_ARC = YES;
				CLANG_WARN_BOOL_CONVERSION = YES;
				CLANG_WARN_CONSTANT_CONVERSION = YES;
				CLANG_WARN_DIRECT_OBJC_ISA_USAGE = YES_ERROR;
				CLANG_WARN_EMPTY_BODY = YES;
				CLANG_WARN_ENUM_CONVERSION = YES;
				CLANG_WARN_INT_CONVERSION = YES;
				CLANG_WARN_OBJC_ROOT_CLASS = YES_ERROR;
				CLANG_WARN_UNREACHABLE_CODE = YES;
				CLANG_WARN__DUPLICATE_METHOD_MATCH = YES;
				CODE_SIGN_IDENTITY = "iPhone Developer";
				"CODE_SIGN_IDENTITY[sdk=iphoneos*]" = "iPhone Developer";
				COPY_PHASE_STRIP = NO;
				DEBUG_INFORMATION_FORMAT = "dwarf-with-dsym";
				ENABLE_NS_ASSERTIONS = NO;
				ENABLE_STRICT_OBJC_MSGSEND = YES;
				GCC_C_LANGUAGE_STANDARD = gnu99;
				GCC_NO_COMMON_BLOCKS = YES;
				GCC_WARN_64_TO_32_BIT_CONVERSION = YES;
				GCC_WARN_ABOUT_RETURN_TYPE = YES_ERROR;
				GCC_WARN_UNDECLARED_SELECTOR = YES;
				GCC_WARN_UNINITIALIZED_AUTOS = YES_AGGRESSIVE;
				GCC_WARN_UNUSED_FUNCTION = YES;
				GCC_WARN_UNUSED_VARIABLE = YES;
				IPHONEOS_DEPLOYMENT_TARGET = 8.3;
				MTL_ENABLE_DEBUG_INFO = NO;
				PROVISIONING_PROFILE = "0def6b8c-2616-46f8-b506-79b1d1963abe";
				SDKROOT = iphoneos;
				TARGETED_DEVICE_FAMILY = "1,2";
				VALIDATE_PRODUCT = YES;
			};
			name = Release;
		};
		935DDC0C1B68B7CF0084D5B6 /* Debug */ = {
			isa = XCBuildConfiguration;
			buildSettings = {
				ASSETCATALOG_COMPILER_APPICON_NAME = AppIcon;
				CODE_SIGN_IDENTITY = "iPhone Developer";
				"CODE_SIGN_IDENTITY[sdk=*]" = "iPhone Developer";
				"CODE_SIGN_IDENTITY[sdk=iphoneos*]" = "iPhone Developer";
				INFOPLIST_FILE = WeChartDemo/Info.plist;
				LD_RUNPATH_SEARCH_PATHS = "$(inherited) @executable_path/Frameworks";
				LIBRARY_SEARCH_PATHS = (
					"$(inherited)",
					"$(PROJECT_DIR)/WeChartDemo/SDKExport",
				);
				PRODUCT_NAME = "$(TARGET_NAME)";
				PROVISIONING_PROFILE = "0def6b8c-2616-46f8-b506-79b1d1963abe";
			};
			name = Debug;
		};
		935DDC0D1B68B7CF0084D5B6 /* Release */ = {
			isa = XCBuildConfiguration;
			buildSettings = {
				ASSETCATALOG_COMPILER_APPICON_NAME = AppIcon;
				CODE_SIGN_IDENTITY = "iPhone Developer";
				INFOPLIST_FILE = WeChartDemo/Info.plist;
				LD_RUNPATH_SEARCH_PATHS = "$(inherited) @executable_path/Frameworks";
				LIBRARY_SEARCH_PATHS = (
					"$(inherited)",
					"$(PROJECT_DIR)/WeChartDemo/SDKExport",
				);
				PRODUCT_NAME = "$(TARGET_NAME)";
				PROVISIONING_PROFILE = "0def6b8c-2616-46f8-b506-79b1d1963abe";
			};
			name = Release;
		};
		935DDC0F1B68B7CF0084D5B6 /* Debug */ = {
			isa = XCBuildConfiguration;
			buildSettings = {
				BUNDLE_LOADER = "$(TEST_HOST)";
				FRAMEWORK_SEARCH_PATHS = (
					"$(SDKROOT)/Developer/Library/Frameworks",
					"$(inherited)",
				);
				GCC_PREPROCESSOR_DEFINITIONS = (
					"DEBUG=1",
					"$(inherited)",
				);
				INFOPLIST_FILE = WeChartDemoTests/Info.plist;
				LD_RUNPATH_SEARCH_PATHS = "$(inherited) @executable_path/Frameworks @loader_path/Frameworks";
				PRODUCT_NAME = "$(TARGET_NAME)";
				TEST_HOST = "$(BUILT_PRODUCTS_DIR)/WeChartDemo.app/WeChartDemo";
			};
			name = Debug;
		};
		935DDC101B68B7CF0084D5B6 /* Release */ = {
			isa = XCBuildConfiguration;
			buildSettings = {
				BUNDLE_LOADER = "$(TEST_HOST)";
				FRAMEWORK_SEARCH_PATHS = (
					"$(SDKROOT)/Developer/Library/Frameworks",
					"$(inherited)",
				);
				INFOPLIST_FILE = WeChartDemoTests/Info.plist;
				LD_RUNPATH_SEARCH_PATHS = "$(inherited) @executable_path/Frameworks @loader_path/Frameworks";
				PRODUCT_NAME = "$(TARGET_NAME)";
				TEST_HOST = "$(BUILT_PRODUCTS_DIR)/WeChartDemo.app/WeChartDemo";
			};
			name = Release;
		};
/* End XCBuildConfiguration section */

/* Begin XCConfigurationList section */
		935DDBE31B68B7CF0084D5B6 /* Build configuration list for PBXProject "WeChartDemo" */ = {
			isa = XCConfigurationList;
			buildConfigurations = (
				935DDC091B68B7CF0084D5B6 /* Debug */,
				935DDC0A1B68B7CF0084D5B6 /* Release */,
			);
			defaultConfigurationIsVisible = 0;
			defaultConfigurationName = Release;
		};
		935DDC0B1B68B7CF0084D5B6 /* Build configuration list for PBXNativeTarget "WeChartDemo" */ = {
			isa = XCConfigurationList;
			buildConfigurations = (
				935DDC0C1B68B7CF0084D5B6 /* Debug */,
				935DDC0D1B68B7CF0084D5B6 /* Release */,
			);
			defaultConfigurationIsVisible = 0;
			defaultConfigurationName = Release;
		};
		935DDC0E1B68B7CF0084D5B6 /* Build configuration list for PBXNativeTarget "WeChartDemoTests" */ = {
			isa = XCConfigurationList;
			buildConfigurations = (
				935DDC0F1B68B7CF0084D5B6 /* Debug */,
				935DDC101B68B7CF0084D5B6 /* Release */,
			);
			defaultConfigurationIsVisible = 0;
			defaultConfigurationName = Release;
		};
/* End XCConfigurationList section */
	};
	rootObject = 935DDBE01B68B7CF0084D5B6 /* Project object */;
}
